GEM
  remote: https://rubygems.org/
  specs:
    async (2.43.0)
      console (~> 1.29)
      fiber-annotation
      io-event (~> 1.11)
    async-http (0.96.0)
      async (>= 2.35.1)
      async-pool (~> 0.11)
      io-endpoint (~> 0.14)
      io-stream (~> 0.6)
      protocol-http (~> 0.62)
      protocol-http1 (~> 0.39)
      protocol-http2 (~> 0.26)
      protocol-url (~> 0.2)
    async-pool (0.11.2)
      async (>= 2.0)
    base64 (0.3.0)
    concurrent-ruby (1.3.8)
    console (1.37.0)
      fiber-annotation
      fiber-local (~> 1.1)
      json
    cool.io (1.9.4)
    csv (3.3.5)
    diff-lcs (1.6.2)
    drb (2.2.3)
    erb (6.0.6)
    fiber-annotation (0.2.0)
    fiber-local (1.1.0)
      fiber-storage
    fiber-storage (1.0.1)
    fileutils (1.8.0)
    fluentd (1.19.3)
      async-http (~> 0.86)
      base64 (~> 0.2)
      bundler
      cool.io (>= 1.4.5, < 2.0.0)
      csv (~> 3.2)
      drb (~> 2.2)
      http_parser.rb (>= 0.5.1, < 0.9.0)
      logger (~> 1.6)
      msgpack (>= 1.3.1, < 2.0.0)
      net-http (~> 0.8)
      ostruct (~> 0.6)
      serverengine (>= 2.3.2, < 3.0.0)
      sigdump (~> 0.2.5)
      strptime (>= 0.2.4, < 1.0.0)
      tzinfo (>= 1.0, < 3.0)
      tzinfo-data (~> 1.0)
      uri (~> 1.0)
      webrick (~> 1.4)
      yajl-ruby (~> 1.0)
      zstd-ruby (~> 1.5)
    http_parser.rb (0.8.1)
    io-endpoint (0.17.2)
    io-event (1.19.3)
    io-stream (0.13.2)
      openssl (>= 3.3)
    json (2.21.1)
    logger (1.7.0)
    msgpack (1.8.3)
    net-http (0.9.1)
      uri (>= 0.11.1)
    openssl (4.0.2)
    ostruct (0.6.3)
    protocol-hpack (1.5.1)
    protocol-http (0.63.0)
    protocol-http1 (0.39.0)
      protocol-http (~> 0.62)
    protocol-http2 (0.26.1)
      protocol-hpack (~> 1.4)
      protocol-http (~> 0.62)
    protocol-url (0.4.0)
    rspec (3.13.2)
      rspec-core (~> 3.13.0)
      rspec-expectations (~> 3.13.0)
      rspec-mocks (~> 3.13.0)
    rspec-core (3.13.6)
      rspec-support (~> 3.13.0)
    rspec-expectations (3.13.5)
      diff-lcs (>= 1.2.0, < 2.0)
      rspec-support (~> 3.13.0)
    rspec-mocks (3.13.8)
      diff-lcs (>= 1.2.0, < 2.0)
      rspec-support (~> 3.13.0)
    rspec-support (3.13.7)
    serverengine (2.4.0)
      base64 (~> 0.1)
      logger (~> 1.4)
      sigdump (~> 0.2.2)
    sigdump (0.2.5)
    strptime (0.2.5)
    tzinfo (2.0.6)
      concurrent-ruby (~> 1.0)
    tzinfo-data (1.2026.3)
      tzinfo (>= 1.0.0)
    uri (1.1.1)
    webrick (1.9.2)
    yajl-ruby (1.4.3)
    zstd-ruby (1.5.7.1)

PLATFORMS
  arm64-darwin
  ruby
  x86_64-darwin
  x86_64-linux-gnu

DEPENDENCIES
  base64 (~> 0.3)
  erb (~> 6.0)
  fileutils (~> 1.8)
  fluentd (~> 1.19)
  json (~> 2.19)
  rspec (~> 3.13)

CHECKSUMS
  async (2.43.0) sha256=c3a6bd7ebb56a02b19eaa3b8ca26fced4397554bcd8c5d5046be5ee5598c452d
  async-http (0.96.0) sha256=92dabce47ba3cfb6569d0fdc799357e19a2d9813d056e1f807707685a340b46a
  async-pool (0.11.2) sha256=0a43a17b02b04d9c451b7d12fafa9a50e55dc6dd00d4369aca00433f16a7e3ed
  base64 (0.3.0) sha256=27337aeabad6ffae05c265c450490628ef3ebd4b67be58257393227588f5a97b
  bundler (4.0.17) sha256=214e21431b5665dd2f99df8a5511c6b151d7a72e8015c8b38f8b775b61cbb6c1
  concurrent-ruby (1.3.8) sha256=b2f1be836e968ccc78ccfce277ea79c72a88633f22306782c16ff23fb415d1e1
  console (1.37.0) sha256=8093b286c2595a063849c098594fee5155ecc7967d36f3aa8cbe7569c8f3efd7
  cool.io (1.9.4) sha256=a5024a2e6f79555b0ee629a0e67c1f4e2410351923057ab712f2b8d77ff2ea53
  csv (3.3.5) sha256=6e5134ac3383ef728b7f02725d9872934f523cb40b961479f69cf3afa6c8e73f
  diff-lcs (1.6.2) sha256=9ae0d2cba7d4df3075fe8cd8602a8604993efc0dfa934cff568969efb1909962
  drb (2.2.3) sha256=0b00d6fdb50995fe4a45dea13663493c841112e4068656854646f418fda13373
  erb (6.0.6) sha256=a9b24986700f5bf127c4f297c5403c3ca41b83b0a316c0cd09a096b56e644ae5
  fiber-annotation (0.2.0) sha256=7abfadf1d119f508867d4103bf231c0354d019cc39a5738945dec2edadaf6c03
  fiber-local (1.1.0) sha256=c885f94f210fb9b05737de65d511136ea602e00c5105953748aa0f8793489f06
  fiber-storage (1.0.1) sha256=f48e5b6d8b0be96dac486332b55cee82240057065dc761c1ea692b2e719240e1
  fileutils (1.8.0) sha256=8c6b1df54e2540bdb2f39258f08af78853aa70bad52b4d394bbc6424593c6e02
  fluentd (1.19.3) sha256=c28f552d6599c5766904bcfd95a133d6a7eb44565dc81001313ea7c41c1d4ed8
  http_parser.rb (0.8.1) sha256=9ae8df145b39aa5398b2f90090d651c67bd8e2ebfe4507c966579f641e11097a
  io-endpoint (0.17.2) sha256=3feaf766c116b35839c11fac68b6aaadc47887bb488902a57bf8e1d288fb3338
  io-event (1.19.3) sha256=0fe24f0fe334ad39cf61a290131c54f8848184c0d166cea86ffae2d6548339d3
  io-stream (0.13.2) sha256=8c7ac4efbb0d91d951726bbc88dbf28a56f792ff388e82bb18aa5abc48f2fe36
  json (2.21.1) sha256=13a43df75d95641443f5702dff350f237164a9d811ff0f2c2800d4d980220583
  logger (1.7.0) sha256=196edec7cc44b66cfb40f9755ce11b392f21f7967696af15d274dde7edff0203
  msgpack (1.8.3) sha256=8bda4a6428d3244e50d6bd55854d354edbada88a4e1f4f5731a39a0f86bee6a1
  net-http (0.9.1) sha256=25ba0b67c63e89df626ed8fac771d0ad24ad151a858af2cc8e6a716ca4336996
  openssl (4.0.2) sha256=1037ad2868ae58df9ad917891c0c0f9815a1172f6846d4bcdd508e4c2ee747c2
  ostruct (0.6.3) sha256=95a2ed4a4bd1d190784e666b47b2d3f078e4a9efda2fccf18f84ddc6538ed912
  protocol-hpack (1.5.1) sha256=6feca238b8078da1cd295677d6f306c6001af92d75fe0643d33e6956cbc3ad91
  protocol-http (0.63.0) sha256=7e94958cbdc20e9d9b4ecb1959e1e7824a35f36e082d3d2cd5bd844da643a8e4
  protocol-http1 (0.39.0) sha256=e49b3f4cda6f5d94c76a323d2b7f6977cba3ebd082d2da437039594da77ad8eb
  protocol-http2 (0.26.1) sha256=5f11c64abe74d3b8688169ccce5fd802b71fbc4815d9537c3d570521729c46be
  protocol-url (0.4.0) sha256=64d4c03b6b51ad815ac6fdaf77a1d91e5baf9220d26becb846c5459dacdea9e1
  rspec (3.13.2) sha256=206284a08ad798e61f86d7ca3e376718d52c0bc944626b2349266f239f820587
  rspec-core (3.13.6) sha256=a8823c6411667b60a8bca135364351dda34cd55e44ff94c4be4633b37d828b2d
  rspec-expectations (3.13.5) sha256=33a4d3a1d95060aea4c94e9f237030a8f9eae5615e9bd85718fe3a09e4b58836
  rspec-mocks (3.13.8) sha256=086ad3d3d17533f4237643de0b5c42f04b66348c28bf6b9c2d3f4a3b01af1d47
  rspec-support (3.13.7) sha256=0640e5570872aafefd79867901deeeeb40b0c9875a36b983d85f54fb7381c47c
  serverengine (2.4.0) sha256=4a42a431f187fac9906834d1bacf00321e835b11bc7f7b8af5f9b5c8fbd246bc
  sigdump (0.2.5) sha256=bb706c1cce70458b285d2c3a57121e801ccb79f68be7f7377692eb40b5437242
  strptime (0.2.5) sha256=98ed77ff7717a47387ba473614f478e78b162d70a64072fd71d54f547e079af9
  tzinfo (2.0.6) sha256=8daf828cc77bcf7d63b0e3bdb6caa47e2272dcfaf4fbfe46f8c3a9df087a829b
  tzinfo-data (1.2026.3) sha256=478fbc5356f13c1004cf8372b1336f3dad4055c96340fc4c881a3738da8cf7f9
  uri (1.1.1) sha256=379fa58d27ffb1387eaada68c749d1426738bd0f654d812fcc07e7568f5c57c6
  webrick (1.9.2) sha256=beb4a15fc474defed24a3bda4ffd88a490d517c9e4e6118c3edce59e45864131
  yajl-ruby (1.4.3) sha256=8c974d9c11ae07b0a3b6d26efea8407269b02e4138118fbe3ef0d2ec9724d1d2
  zstd-ruby (1.5.7.1) sha256=ded1fbf83afa32d613f28448a6d546129c578e5a9df3bd92f3f1e2542169fd21

RUBY VERSION
  ruby 4.0.6

BUNDLED WITH
  4.0.17
